
Microsoft Visual Studio Solution File, Format Version 12.00
# Visual Studio 15
VisualStudioVersion = 15.0.27703.2042
MinimumVisualStudioVersion = 10.0.40219.1
Project("{FAE04EC0-301F-11D3-BF4B-00C04F79EFBC}") = "SecComServer", "SecComServer\SecComServer.csproj", "{6CC33BE5-4871-4BC5-8AC3-CC463E8FFBAB}"
EndProject
Global
	GlobalSection(SolutionConfigurationPlatforms) = preSolution
		Debug|Any CPU = Debug|Any CPU
		Release|Any CPU = Release|Any CPU
	EndGlobalSection
	GlobalSection(ProjectConfigurationPlatforms) = postSolution
		{6CC33BE5-4871-4BC5-8AC3-CC463E8FFBAB}.Debug|Any CPU.ActiveCfg = Debug|Any CPU
		{6CC33BE5-4871-4BC5-8AC3-CC463E8FFBAB}.Debug|Any CPU.Build.0 = Debug|Any CPU
		{6CC33BE5-4871-4BC5-8AC3-CC463E8FFBAB}.Release|Any CPU.ActiveCfg = Release|Any CPU
		{6CC33BE5-4871-4BC5-8AC3-CC463E8FFBAB}.Release|Any CPU.Build.0 = Release|Any CPU
	EndGlobalSection
	GlobalSection(SolutionProperties) = preSolution
		HideSolutionNode = FALSE
	EndGlobalSection
	GlobalSection(ExtensibilityGlobals) = postSolution
		SolutionGuid = {B2FC9B64-C5F1-427A-9525-76C9C4E7DC39}
	EndGlobalSection
EndGlobal
